// !$*UTF8*$!
{
	archiveVersion = 1;
	classes = {
	};
	objectVersion = 70;
	objects = {

/* Begin PBXBuildFile section */
		2E0ECAA42CF02FE200D9F993 /* Favorites.swift in Sources */ = {isa = PBXBuildFile; fileRef = 2E0ECAA32CF02FE200D9F993 /* Favorites.swift */; };
		2E0ECAAC2CF0571000D9F993 /* StartUpStore.swift in Sources */ = {isa = PBXBuildFile; fileRef = 2E0ECAAB2CF0571000D9F993 /* StartUpStore.swift */; };
		2E1633232C8F7B7E0099D94B /* Assets.xcassets in Resources */ = {isa = PBXBuildFile; fileRef = 2E1633222C8F7B7E0099D94B /* Assets.xcassets */; };
		2E1633262C8F7B7E0099D94B /* Preview Assets.xcassets in Resources */ = {isa = PBXBuildFile; fileRef = 2E1633252C8F7B7E0099D94B /* Preview Assets.xcassets */; };
		2E1633362C8FC3680099D94B /* AudioPlayerStore.swift in Sources */ = {isa = PBXBuildFile; fileRef = 2E1633352C8FC3680099D94B /* AudioPlayerStore.swift */; };
		2E16333C2C9126150099D94B /* EnvironmentValues+Extension.swift in Sources */ = {isa = PBXBuildFile; fileRef = 2E16333B2C9126150099D94B /* EnvironmentValues+Extension.swift */; };
		2E16333E2C94FA300099D94B /* MusicPlayer.swift in Sources */ = {isa = PBXBuildFile; fileRef = 2E16333D2C94FA300099D94B /* MusicPlayer.swift */; };
		2E1633402C9515EC0099D94B /* Track.swift in Sources */ = {isa = PBXBuildFile; fileRef = 2E16333F2C9515EC0099D94B /* Track.swift */; };
		2E1633422C98FAA70099D94B /* TracksScreen.swift in Sources */ = {isa = PBXBuildFile; fileRef = 2E1633412C98FAA70099D94B /* TracksScreen.swift */; };
		2E1633442C98FAB50099D94B /* PlaylistScreen.swift in Sources */ = {isa = PBXBuildFile; fileRef = 2E1633432C98FAB50099D94B /* PlaylistScreen.swift */; };
		2E1633482C990A150099D94B /* TrackListCell.swift in Sources */ = {isa = PBXBuildFile; fileRef = 2E1633472C990A150099D94B /* TrackListCell.swift */; };
		2E32D6932C9D30F600C061F4 /* Playlist.swift in Sources */ = {isa = PBXBuildFile; fileRef = 2E32D6922C9D30F600C061F4 /* Playlist.swift */; };
		2E32D6982C9F979900C061F4 /* PlaylistListCell.swift in Sources */ = {isa = PBXBuildFile; fileRef = 2E32D6972C9F979900C061F4 /* PlaylistListCell.swift */; };
		2E34DC202E09F85B00D29D63 /* ShowToastAction.swift in Sources */ = {isa = PBXBuildFile; fileRef = 2E34DC1F2E09F85B00D29D63 /* ShowToastAction.swift */; };
		2E34DC222E09FA2300D29D63 /* EventOverlay.swift in Sources */ = {isa = PBXBuildFile; fileRef = 2E34DC212E09FA2300D29D63 /* EventOverlay.swift */; };
		2E590D612CBDE0EB007E891C /* View+Extension.swift in Sources */ = {isa = PBXBuildFile; fileRef = 2E590D602CBDE0EB007E891C /* View+Extension.swift */; };
		2E590D632CC03A6A007E891C /* PlaylistTrackListScreen.swift in Sources */ = {isa = PBXBuildFile; fileRef = 2E590D622CC03A6A007E891C /* PlaylistTrackListScreen.swift */; };
		2E590D652CCEE6BC007E891C /* TrackOptionsSheet.swift in Sources */ = {isa = PBXBuildFile; fileRef = 2E590D642CCEE6BC007E891C /* TrackOptionsSheet.swift */; };
		2E6844502CA4CCE50071705C /* MiniMusicPlayer.swift in Sources */ = {isa = PBXBuildFile; fileRef = 2E68444F2CA4CCE50071705C /* MiniMusicPlayer.swift */; };
		2E6844582CAA7C9F0071705C /* FileManagerStore.swift in Sources */ = {isa = PBXBuildFile; fileRef = 2E6844572CAA7C9F0071705C /* FileManagerStore.swift */; };
		2E68445A2CAE2DF60071705C /* TimeInterval+Extension.swift in Sources */ = {isa = PBXBuildFile; fileRef = 2E6844592CAE2DF60071705C /* TimeInterval+Extension.swift */; };
		2E6F18392CF98FFD00B58AFB /* TrackSelectionView.swift in Sources */ = {isa = PBXBuildFile; fileRef = 2E6F18382CF98FFD00B58AFB /* TrackSelectionView.swift */; };
		2E6F183B2CF9972700B58AFB /* PlaylistSelectionView.swift in Sources */ = {isa = PBXBuildFile; fileRef = 2E6F183A2CF9972700B58AFB /* PlaylistSelectionView.swift */; };
		2E91E5A62DCC136D00A99304 /* TrackEditScreen.swift in Sources */ = {isa = PBXBuildFile; fileRef = 2E91E5A52DCC136D00A99304 /* TrackEditScreen.swift */; };
/* End PBXBuildFile section */

/* Begin PBXFileReference section */
		2E0ECAA32CF02FE200D9F993 /* Favorites.swift */ = {isa = PBXFileReference; lastKnownFileType = sourcecode.swift; path = Favorites.swift; sourceTree = "<group>"; };
		2E0ECAAB2CF0571000D9F993 /* StartUpStore.swift */ = {isa = PBXFileReference; lastKnownFileType = sourcecode.swift; path = StartUpStore.swift; sourceTree = "<group>"; };
		2E16331B2C8F7B730099D94B /* MusicPlayerApp.app */ = {isa = PBXFileReference; explicitFileType = wrapper.application; includeInIndex = 0; path = MusicPlayerApp.app; sourceTree = BUILT_PRODUCTS_DIR; };
		2E1633222C8F7B7E0099D94B /* Assets.xcassets */ = {isa = PBXFileReference; lastKnownFileType = folder.assetcatalog; path = Assets.xcassets; sourceTree = "<group>"; };
		2E1633252C8F7B7E0099D94B /* Preview Assets.xcassets */ = {isa = PBXFileReference; lastKnownFileType = folder.assetcatalog; path = "Preview Assets.xcassets"; sourceTree = "<group>"; };
		2E1633352C8FC3680099D94B /* AudioPlayerStore.swift */ = {isa = PBXFileReference; lastKnownFileType = sourcecode.swift; path = AudioPlayerStore.swift; sourceTree = "<group>"; };
		2E16333B2C9126150099D94B /* EnvironmentValues+Extension.swift */ = {isa = PBXFileReference; lastKnownFileType = sourcecode.swift; path = "EnvironmentValues+Extension.swift"; sourceTree = "<group>"; };
		2E16333D2C94FA300099D94B /* MusicPlayer.swift */ = {isa = PBXFileReference; lastKnownFileType = sourcecode.swift; path = MusicPlayer.swift; sourceTree = "<group>"; };
		2E16333F2C9515EC0099D94B /* Track.swift */ = {isa = PBXFileReference; lastKnownFileType = sourcecode.swift; path = Track.swift; sourceTree = "<group>"; };
		2E1633412C98FAA70099D94B /* TracksScreen.swift */ = {isa = PBXFileReference; lastKnownFileType = sourcecode.swift; path = TracksScreen.swift; sourceTree = "<group>"; };
		2E1633432C98FAB50099D94B /* PlaylistScreen.swift */ = {isa = PBXFileReference; lastKnownFileType = sourcecode.swift; path = PlaylistScreen.swift; sourceTree = "<group>"; };
		2E1633472C990A150099D94B /* TrackListCell.swift */ = {isa = PBXFileReference; lastKnownFileType = sourcecode.swift; path = TrackListCell.swift; sourceTree = "<group>"; };
		2E32D6922C9D30F600C061F4 /* Playlist.swift */ = {isa = PBXFileReference; lastKnownFileType = sourcecode.swift; path = Playlist.swift; sourceTree = "<group>"; };
		2E32D6972C9F979900C061F4 /* PlaylistListCell.swift */ = {isa = PBXFileReference; lastKnownFileType = sourcecode.swift; path = PlaylistListCell.swift; sourceTree = "<group>"; };
		2E34DC1E2E09ED4F00D29D63 /* Info.plist */ = {isa = PBXFileReference; lastKnownFileType = text.plist; path = Info.plist; sourceTree = "<group>"; };
		2E34DC1F2E09F85B00D29D63 /* ShowToastAction.swift */ = {isa = PBXFileReference; lastKnownFileType = sourcecode.swift; path = ShowToastAction.swift; sourceTree = "<group>"; };
		2E34DC212E09FA2300D29D63 /* EventOverlay.swift */ = {isa = PBXFileReference; lastKnownFileType = sourcecode.swift; path = EventOverlay.swift; sourceTree = "<group>"; };
		2E590D602CBDE0EB007E891C /* View+Extension.swift */ = {isa = PBXFileReference; lastKnownFileType = sourcecode.swift; path = "View+Extension.swift"; sourceTree = "<group>"; };
		2E590D622CC03A6A007E891C /* PlaylistTrackListScreen.swift */ = {isa = PBXFileReference; lastKnownFileType = sourcecode.swift; path = PlaylistTrackListScreen.swift; sourceTree = "<group>"; };
		2E590D642CCEE6BC007E891C /* TrackOptionsSheet.swift */ = {isa = PBXFileReference; lastKnownFileType = sourcecode.swift; path = TrackOptionsSheet.swift; sourceTree = "<group>"; };
		2E68444F2CA4CCE50071705C /* MiniMusicPlayer.swift */ = {isa = PBXFileReference; lastKnownFileType = sourcecode.swift; path = MiniMusicPlayer.swift; sourceTree = "<group>"; };
		2E6844572CAA7C9F0071705C /* FileManagerStore.swift */ = {isa = PBXFileReference; lastKnownFileType = sourcecode.swift; path = FileManagerStore.swift; sourceTree = "<group>"; };
		2E6844592CAE2DF60071705C /* TimeInterval+Extension.swift */ = {isa = PBXFileReference; lastKnownFileType = sourcecode.swift; path = "TimeInterval+Extension.swift"; sourceTree = "<group>"; };
		2E6F18382CF98FFD00B58AFB /* TrackSelectionView.swift */ = {isa = PBXFileReference; lastKnownFileType = sourcecode.swift; path = TrackSelectionView.swift; sourceTree = "<group>"; };
		2E6F183A2CF9972700B58AFB /* PlaylistSelectionView.swift */ = {isa = PBXFileReference; lastKnownFileType = sourcecode.swift; path = PlaylistSelectionView.swift; sourceTree = "<group>"; };
		2E91E5A52DCC136D00A99304 /* TrackEditScreen.swift */ = {isa = PBXFileReference; lastKnownFileType = sourcecode.swift; path = TrackEditScreen.swift; sourceTree = "<group>"; };
/* End PBXFileReference section */

/* Begin PBXFileSystemSynchronizedRootGroup section */
		2E0ECAA52CF03DB200D9F993 /* Protocols */ = {isa = PBXFileSystemSynchronizedRootGroup; explicitFileTypes = {}; explicitFolders = (); path = Protocols; sourceTree = "<group>"; };
		2E6844512CA53B9F0071705C /* App */ = {isa = PBXFileSystemSynchronizedRootGroup; explicitFileTypes = {}; explicitFolders = (); path = App; sourceTree = "<group>"; };
		2E9CBD462D3E34350057383D /* Modifiers */ = {isa = PBXFileSystemSynchronizedRootGroup; explicitFileTypes = {}; explicitFolders = (); path = Modifiers; sourceTree = "<group>"; };
		2EEE707D2DAE4FF300553C3E /* Actors */ = {isa = PBXFileSystemSynchronizedRootGroup; explicitFileTypes = {}; explicitFolders = (); path = Actors; sourceTree = "<group>"; };
		2EFCC0112E2CA225008E7F4B /* SampleData */ = {isa = PBXFileSystemSynchronizedRootGroup; explicitFileTypes = {}; explicitFolders = (); path = SampleData; sourceTree = "<group>"; };
/* End PBXFileSystemSynchronizedRootGroup section */

/* Begin PBXFrameworksBuildPhase section */
		2E1633182C8F7B730099D94B /* Frameworks */ = {
			isa = PBXFrameworksBuildPhase;
			buildActionMask = 2147483647;
			files = (
			);
			runOnlyForDeploymentPostprocessing = 0;
		};
/* End PBXFrameworksBuildPhase section */

/* Begin PBXGroup section */
		2E1633122C8F7B730099D94B = {
			isa = PBXGroup;
			children = (
				2E16331D2C8F7B730099D94B /* MusicPlayerApp */,
				2E16331C2C8F7B730099D94B /* Products */,
			);
			sourceTree = "<group>";
		};
		2E16331C2C8F7B730099D94B /* Products */ = {
			isa = PBXGroup;
			children = (
				2E16331B2C8F7B730099D94B /* MusicPlayerApp.app */,
			);
			name = Products;
			sourceTree = "<group>";
		};
		2E16331D2C8F7B730099D94B /* MusicPlayerApp */ = {
			isa = PBXGroup;
			children = (
				2EFCC0112E2CA225008E7F4B /* SampleData */,
				2E34DC1E2E09ED4F00D29D63 /* Info.plist */,
				2EEE707D2DAE4FF300553C3E /* Actors */,
				2E9CBD462D3E34350057383D /* Modifiers */,
				2E0ECAA52CF03DB200D9F993 /* Protocols */,
				2E6844512CA53B9F0071705C /* App */,
				2E1633342C8FC3510099D94B /* Store */,
				2E16332F2C8F7BDB0099D94B /* Models */,
				2E16332E2C8F7BD60099D94B /* Screens */,
				2E16332D2C8F7BCE0099D94B /* Extensions */,
				2E16332C2C8F7BC70099D94B /* Views */,
				2E1633222C8F7B7E0099D94B /* Assets.xcassets */,
				2E1633242C8F7B7E0099D94B /* Preview Content */,
			);
			path = MusicPlayerApp;
			sourceTree = "<group>";
		};
		2E1633242C8F7B7E0099D94B /* Preview Content */ = {
			isa = PBXGroup;
			children = (
				2E1633252C8F7B7E0099D94B /* Preview Assets.xcassets */,
			);
			path = "Preview Content";
			sourceTree = "<group>";
		};
		2E16332C2C8F7BC70099D94B /* Views */ = {
			isa = PBXGroup;
			children = (
				2E1633472C990A150099D94B /* TrackListCell.swift */,
				2E32D6972C9F979900C061F4 /* PlaylistListCell.swift */,
				2E68444F2CA4CCE50071705C /* MiniMusicPlayer.swift */,
				2E34DC212E09FA2300D29D63 /* EventOverlay.swift */,
			);
			path = Views;
			sourceTree = "<group>";
		};
		2E16332D2C8F7BCE0099D94B /* Extensions */ = {
			isa = PBXGroup;
			children = (
				2E16333B2C9126150099D94B /* EnvironmentValues+Extension.swift */,
				2E6844592CAE2DF60071705C /* TimeInterval+Extension.swift */,
				2E590D602CBDE0EB007E891C /* View+Extension.swift */,
			);
			path = Extensions;
			sourceTree = "<group>";
		};
		2E16332E2C8F7BD60099D94B /* Screens */ = {
			isa = PBXGroup;
			children = (
				2E16333D2C94FA300099D94B /* MusicPlayer.swift */,
				2E1633412C98FAA70099D94B /* TracksScreen.swift */,
				2E590D642CCEE6BC007E891C /* TrackOptionsSheet.swift */,
				2E1633432C98FAB50099D94B /* PlaylistScreen.swift */,
				2E590D622CC03A6A007E891C /* PlaylistTrackListScreen.swift */,
				2E6F18382CF98FFD00B58AFB /* TrackSelectionView.swift */,
				2E6F183A2CF9972700B58AFB /* PlaylistSelectionView.swift */,
				2E91E5A52DCC136D00A99304 /* TrackEditScreen.swift */,
			);
			path = Screens;
			sourceTree = "<group>";
		};
		2E16332F2C8F7BDB0099D94B /* Models */ = {
			isa = PBXGroup;
			children = (
				2E16333F2C9515EC0099D94B /* Track.swift */,
				2E32D6922C9D30F600C061F4 /* Playlist.swift */,
				2E0ECAA32CF02FE200D9F993 /* Favorites.swift */,
			);
			path = Models;
			sourceTree = "<group>";
		};
		2E1633342C8FC3510099D94B /* Store */ = {
			isa = PBXGroup;
			children = (
				2E1633352C8FC3680099D94B /* AudioPlayerStore.swift */,
				2E6844572CAA7C9F0071705C /* FileManagerStore.swift */,
				2E0ECAAB2CF0571000D9F993 /* StartUpStore.swift */,
				2E34DC1F2E09F85B00D29D63 /* ShowToastAction.swift */,
			);
			path = Store;
			sourceTree = "<group>";
		};
/* End PBXGroup section */

/* Begin PBXNativeTarget section */
		2E16331A2C8F7B730099D94B /* MusicPlayerApp */ = {
			isa = PBXNativeTarget;
			buildConfigurationList = 2E1633292C8F7B7E0099D94B /* Build configuration list for PBXNativeTarget "MusicPlayerApp" */;
			buildPhases = (
				2E1633172C8F7B730099D94B /* Sources */,
				2E1633182C8F7B730099D94B /* Frameworks */,
				2E1633192C8F7B730099D94B /* Resources */,
			);
			buildRules = (
			);
			dependencies = (
			);
			fileSystemSynchronizedGroups = (
				2E0ECAA52CF03DB200D9F993 /* Protocols */,
				2E6844512CA53B9F0071705C /* App */,
				2E9CBD462D3E34350057383D /* Modifiers */,
				2EEE707D2DAE4FF300553C3E /* Actors */,
				2EFCC0112E2CA225008E7F4B /* SampleData */,
			);
			name = MusicPlayerApp;
			productName = MusicPlayerApp;
			productReference = 2E16331B2C8F7B730099D94B /* MusicPlayerApp.app */;
			productType = "com.apple.product-type.application";
		};
/* End PBXNativeTarget section */

/* Begin PBXProject section */
		2E1633132C8F7B730099D94B /* Project object */ = {
			isa = PBXProject;
			attributes = {
				BuildIndependentTargetsInParallel = 1;
				LastSwiftUpdateCheck = 1540;
				LastUpgradeCheck = 1630;
				TargetAttributes = {
					2E16331A2C8F7B730099D94B = {
						CreatedOnToolsVersion = 15.4;
					};
				};
			};
			buildConfigurationList = 2E1633162C8F7B730099D94B /* Build configuration list for PBXProject "MusicPlayerApp" */;
			compatibilityVersion = "Xcode 14.0";
			developmentRegion = en;
			hasScannedForEncodings = 0;
			knownRegions = (
				en,
				Base,
			);
			mainGroup = 2E1633122C8F7B730099D94B;
			packageReferences = (
			);
			productRefGroup = 2E16331C2C8F7B730099D94B /* Products */;
			projectDirPath = "";
			projectRoot = "";
			targets = (
				2E16331A2C8F7B730099D94B /* MusicPlayerApp */,
			);
		};
/* End PBXProject section */

/* Begin PBXResourcesBuildPhase section */
		2E1633192C8F7B730099D94B /* Resources */ = {
			isa = PBXResourcesBuildPhase;
			buildActionMask = 2147483647;
			files = (
				2E1633262C8F7B7E0099D94B /* Preview Assets.xcassets in Resources */,
				2E1633232C8F7B7E0099D94B /* Assets.xcassets in Resources */,
			);
			runOnlyForDeploymentPostprocessing = 0;
		};
/* End PBXResourcesBuildPhase section */

/* Begin PBXSourcesBuildPhase section */
		2E1633172C8F7B730099D94B /* Sources */ = {
			isa = PBXSourcesBuildPhase;
			buildActionMask = 2147483647;
			files = (
				2E1633362C8FC3680099D94B /* AudioPlayerStore.swift in Sources */,
				2E6F18392CF98FFD00B58AFB /* TrackSelectionView.swift in Sources */,
				2E0ECAA42CF02FE200D9F993 /* Favorites.swift in Sources */,
				2E68445A2CAE2DF60071705C /* TimeInterval+Extension.swift in Sources */,
				2E590D612CBDE0EB007E891C /* View+Extension.swift in Sources */,
				2E16333C2C9126150099D94B /* EnvironmentValues+Extension.swift in Sources */,
				2E6F183B2CF9972700B58AFB /* PlaylistSelectionView.swift in Sources */,
				2E1633482C990A150099D94B /* TrackListCell.swift in Sources */,
				2E16333E2C94FA300099D94B /* MusicPlayer.swift in Sources */,
				2E590D652CCEE6BC007E891C /* TrackOptionsSheet.swift in Sources */,
				2E1633422C98FAA70099D94B /* TracksScreen.swift in Sources */,
				2E32D6982C9F979900C061F4 /* PlaylistListCell.swift in Sources */,
				2E1633442C98FAB50099D94B /* PlaylistScreen.swift in Sources */,
				2E91E5A62DCC136D00A99304 /* TrackEditScreen.swift in Sources */,
				2E6844502CA4CCE50071705C /* MiniMusicPlayer.swift in Sources */,
				2E1633402C9515EC0099D94B /* Track.swift in Sources */,
				2E0ECAAC2CF0571000D9F993 /* StartUpStore.swift in Sources */,
				2E32D6932C9D30F600C061F4 /* Playlist.swift in Sources */,
				2E34DC222E09FA2300D29D63 /* EventOverlay.swift in Sources */,
				2E34DC202E09F85B00D29D63 /* ShowToastAction.swift in Sources */,
				2E590D632CC03A6A007E891C /* PlaylistTrackListScreen.swift in Sources */,
				2E6844582CAA7C9F0071705C /* FileManagerStore.swift in Sources */,
			);
			runOnlyForDeploymentPostprocessing = 0;
		};
/* End PBXSourcesBuildPhase section */

/* Begin XCBuildConfiguration section */
		2E1633272C8F7B7E0099D94B /* Debug */ = {
			isa = XCBuildConfiguration;
			buildSettings = {
				ALWAYS_SEARCH_USER_PATHS = NO;
				ASSETCATALOG_COMPILER_GENERATE_SWIFT_ASSET_SYMBOL_EXTENSIONS = YES;
				CLANG_ANALYZER_NONNULL = YES;
				CLANG_ANALYZER_NUMBER_OBJECT_CONVERSION = YES_AGGRESSIVE;
				CLANG_CXX_LANGUAGE_STANDARD = "gnu++20";
				CLANG_ENABLE_MODULES = YES;
				CLANG_ENABLE_OBJC_ARC = YES;
				CLANG_ENABLE_OBJC_WEAK = YES;
				CLANG_WARN_BLOCK_CAPTURE_AUTORELEASING = YES;
				CLANG_WARN_BOOL_CONVERSION = YES;
				CLANG_WARN_COMMA = YES;
				CLANG_WARN_CONSTANT_CONVERSION = YES;
				CLANG_WARN_DEPRECATED_OBJC_IMPLEMENTATIONS = YES;
				CLANG_WARN_DIRECT_OBJC_ISA_USAGE = YES_ERROR;
				CLANG_WARN_DOCUMENTATION_COMMENTS = YES;
				CLANG_WARN_EMPTY_BODY = YES;
				CLANG_WARN_ENUM_CONVERSION = YES;
				CLANG_WARN_INFINITE_RECURSION = YES;
				CLANG_WARN_INT_CONVERSION = YES;
				CLANG_WARN_NON_LITERAL_NULL_CONVERSION = YES;
				CLANG_WARN_OBJC_IMPLICIT_RETAIN_SELF = YES;
				CLANG_WARN_OBJC_LITERAL_CONVERSION = YES;
				CLANG_WARN_OBJC_ROOT_CLASS = YES_ERROR;
				CLANG_WARN_QUOTED_INCLUDE_IN_FRAMEWORK_HEADER = YES;
				CLANG_WARN_RANGE_LOOP_ANALYSIS = YES;
				CLANG_WARN_STRICT_PROTOTYPES = YES;
				CLANG_WARN_SUSPICIOUS_MOVE = YES;
				CLANG_WARN_UNGUARDED_AVAILABILITY = YES_AGGRESSIVE;
				CLANG_WARN_UNREACHABLE_CODE = YES;
				CLANG_WARN__DUPLICATE_METHOD_MATCH = YES;
				COPY_PHASE_STRIP = NO;
				DEBUG_INFORMATION_FORMAT = dwarf;
				DEVELOPMENT_TEAM = LXN2XFMB4L;
				ENABLE_STRICT_OBJC_MSGSEND = YES;
				ENABLE_TESTABILITY = YES;
				ENABLE_USER_SCRIPT_SANDBOXING = YES;
				GCC_C_LANGUAGE_STANDARD = gnu17;
				GCC_DYNAMIC_NO_PIC = NO;
				GCC_NO_COMMON_BLOCKS = YES;
				GCC_OPTIMIZATION_LEVEL = 0;
				GCC_PREPROCESSOR_DEFINITIONS = (
					"DEBUG=1",
					"$(inherited)",
				);
				GCC_WARN_64_TO_32_BIT_CONVERSION = YES;
				GCC_WARN_ABOUT_RETURN_TYPE = YES_ERROR;
				GCC_WARN_UNDECLARED_SELECTOR = YES;
				GCC_WARN_UNINITIALIZED_AUTOS = YES_AGGRESSIVE;
				GCC_WARN_UNUSED_FUNCTION = YES;
				GCC_WARN_UNUSED_VARIABLE = YES;
				IPHONEOS_DEPLOYMENT_TARGET = 17.5;
				LOCALIZATION_PREFERS_STRING_CATALOGS = YES;
				MTL_ENABLE_DEBUG_INFO = INCLUDE_SOURCE;
				MTL_FAST_MATH = YES;
				ONLY_ACTIVE_ARCH = YES;
				SDKROOT = iphoneos;
				SWIFT_ACTIVE_COMPILATION_CONDITIONS = "DEBUG $(inherited)";
				SWIFT_OPTIMIZATION_LEVEL = "-Onone";
			};
			name = Debug;
		};
		2E1633282C8F7B7E0099D94B /* Release */ = {
			isa = XCBuildConfiguration;
			buildSettings = {
				ALWAYS_SEARCH_USER_PATHS = NO;
				ASSETCATALOG_COMPILER_GENERATE_SWIFT_ASSET_SYMBOL_EXTENSIONS = YES;
				CLANG_ANALYZER_NONNULL = YES;
				CLANG_ANALYZER_NUMBER_OBJECT_CONVERSION = YES_AGGRESSIVE;
				CLANG_CXX_LANGUAGE_STANDARD = "gnu++20";
				CLANG_ENABLE_MODULES = YES;
				CLANG_ENABLE_OBJC_ARC = YES;
				CLANG_ENABLE_OBJC_WEAK = YES;
				CLANG_WARN_BLOCK_CAPTURE_AUTORELEASING = YES;
				CLANG_WARN_BOOL_CONVERSION = YES;
				CLANG_WARN_COMMA = YES;
				CLANG_WARN_CONSTANT_CONVERSION = YES;
				CLANG_WARN_DEPRECATED_OBJC_IMPLEMENTATIONS = YES;
				CLANG_WARN_DIRECT_OBJC_ISA_USAGE = YES_ERROR;
				CLANG_WARN_DOCUMENTATION_COMMENTS = YES;
				CLANG_WARN_EMPTY_BODY = YES;
				CLANG_WARN_ENUM_CONVERSION = YES;
				CLANG_WARN_INFINITE_RECURSION = YES;
				CLANG_WARN_INT_CONVERSION = YES;
				CLANG_WARN_NON_LITERAL_NULL_CONVERSION = YES;
				CLANG_WARN_OBJC_IMPLICIT_RETAIN_SELF = YES;
				CLANG_WARN_OBJC_LITERAL_CONVERSION = YES;
				CLANG_WARN_OBJC_ROOT_CLASS = YES_ERROR;
				CLANG_WARN_QUOTED_INCLUDE_IN_FRAMEWORK_HEADER = YES;
				CLANG_WARN_RANGE_LOOP_ANALYSIS = YES;
				CLANG_WARN_STRICT_PROTOTYPES = YES;
				CLANG_WARN_SUSPICIOUS_MOVE = YES;
				CLANG_WARN_UNGUARDED_AVAILABILITY = YES_AGGRESSIVE;
				CLANG_WARN_UNREACHABLE_CODE = YES;
				CLANG_WARN__DUPLICATE_METHOD_MATCH = YES;
				COPY_PHASE_STRIP = NO;
				DEBUG_INFORMATION_FORMAT = "dwarf-with-dsym";
				DEVELOPMENT_TEAM = LXN2XFMB4L;
				ENABLE_NS_ASSERTIONS = NO;
				ENABLE_STRICT_OBJC_MSGSEND = YES;
				ENABLE_USER_SCRIPT_SANDBOXING = YES;
				GCC_C_LANGUAGE_STANDARD = gnu17;
				GCC_NO_COMMON_BLOCKS = YES;
				GCC_WARN_64_TO_32_BIT_CONVERSION = YES;
				GCC_WARN_ABOUT_RETURN_TYPE = YES_ERROR;
				GCC_WARN_UNDECLARED_SELECTOR = YES;
				GCC_WARN_UNINITIALIZED_AUTOS = YES_AGGRESSIVE;
				GCC_WARN_UNUSED_FUNCTION = YES;
				GCC_WARN_UNUSED_VARIABLE = YES;
				IPHONEOS_DEPLOYMENT_TARGET = 17.5;
				LOCALIZATION_PREFERS_STRING_CATALOGS = YES;
				MTL_ENABLE_DEBUG_INFO = NO;
				MTL_FAST_MATH = YES;
				SDKROOT = iphoneos;
				SWIFT_COMPILATION_MODE = wholemodule;
				VALIDATE_PRODUCT = YES;
			};
			name = Release;
		};
		2E16332A2C8F7B7E0099D94B /* Debug */ = {
			isa = XCBuildConfiguration;
			buildSettings = {
				ASSETCATALOG_COMPILER_APPICON_NAME = AppIcon;
				ASSETCATALOG_COMPILER_GLOBAL_ACCENT_COLOR_NAME = AccentColor;
				CODE_SIGN_STYLE = Automatic;
				CURRENT_PROJECT_VERSION = 1;
				DEVELOPMENT_ASSET_PATHS = "\"MusicPlayerApp/Preview Content\"";
				ENABLE_PREVIEWS = YES;
				GENERATE_INFOPLIST_FILE = YES;
				INFOPLIST_FILE = MusicPlayerApp/Info.plist;
				INFOPLIST_KEY_UIApplicationSceneManifest_Generation = YES;
				INFOPLIST_KEY_UIApplicationSupportsIndirectInputEvents = YES;
				INFOPLIST_KEY_UILaunchScreen_Generation = YES;
				INFOPLIST_KEY_UISupportedInterfaceOrientations = UIInterfaceOrientationPortrait;
				INFOPLIST_KEY_UISupportedInterfaceOrientations_iPad = "UIInterfaceOrientationLandscapeLeft UIInterfaceOrientationLandscapeRight UIInterfaceOrientationPortrait UIInterfaceOrientationPortraitUpsideDown";
				LD_RUNPATH_SEARCH_PATHS = (
					"$(inherited)",
					"@executable_path/Frameworks",
				);
				MARKETING_VERSION = 1.0;
				PRODUCT_BUNDLE_IDENTIFIER = com.Martinez.Omar.MusicPlayerApp;
				PRODUCT_NAME = "$(TARGET_NAME)";
				SWIFT_EMIT_LOC_STRINGS = YES;
				SWIFT_VERSION = 5.0;
				TARGETED_DEVICE_FAMILY = "1,2";
			};
			name = Debug;
		};
		2E16332B2C8F7B7E0099D94B /* Release */ = {
			isa = XCBuildConfiguration;
			buildSettings = {
				ASSETCATALOG_COMPILER_APPICON_NAME = AppIcon;
				ASSETCATALOG_COMPILER_GLOBAL_ACCENT_COLOR_NAME = AccentColor;
				CODE_SIGN_STYLE = Automatic;
				CURRENT_PROJECT_VERSION = 1;
				DEVELOPMENT_ASSET_PATHS = "\"MusicPlayerApp/Preview Content\"";
				ENABLE_PREVIEWS = YES;
				GENERATE_INFOPLIST_FILE = YES;
				INFOPLIST_FILE = MusicPlayerApp/Info.plist;
				INFOPLIST_KEY_UIApplicationSceneManifest_Generation = YES;
				INFOPLIST_KEY_UIApplicationSupportsIndirectInputEvents = YES;
				INFOPLIST_KEY_UILaunchScreen_Generation = YES;
				INFOPLIST_KEY_UISupportedInterfaceOrientations = UIInterfaceOrientationPortrait;
				INFOPLIST_KEY_UISupportedInterfaceOrientations_iPad = "UIInterfaceOrientationLandscapeLeft UIInterfaceOrientationLandscapeRight UIInterfaceOrientationPortrait UIInterfaceOrientationPortraitUpsideDown";
				LD_RUNPATH_SEARCH_PATHS = (
					"$(inherited)",
					"@executable_path/Frameworks",
				);
				MARKETING_VERSION = 1.0;
				PRODUCT_BUNDLE_IDENTIFIER = com.Martinez.Omar.MusicPlayerApp;
				PRODUCT_NAME = "$(TARGET_NAME)";
				SWIFT_EMIT_LOC_STRINGS = YES;
				SWIFT_VERSION = 5.0;
				TARGETED_DEVICE_FAMILY = "1,2";
			};
			name = Release;
		};
/* End XCBuildConfiguration section */

/* Begin XCConfigurationList section */
		2E1633162C8F7B730099D94B /* Build configuration list for PBXProject "MusicPlayerApp" */ = {
			isa = XCConfigurationList;
			buildConfigurations = (
				2E1633272C8F7B7E0099D94B /* Debug */,
				2E1633282C8F7B7E0099D94B /* Release */,
			);
			defaultConfigurationIsVisible = 0;
			defaultConfigurationName = Release;
		};
		2E1633292C8F7B7E0099D94B /* Build configuration list for PBXNativeTarget "MusicPlayerApp" */ = {
			isa = XCConfigurationList;
			buildConfigurations = (
				2E16332A2C8F7B7E0099D94B /* Debug */,
				2E16332B2C8F7B7E0099D94B /* Release */,
			);
			defaultConfigurationIsVisible = 0;
			defaultConfigurationName = Release;
		};
/* End XCConfigurationList section */
	};
	rootObject = 2E1633132C8F7B730099D94B /* Project object */;
}
